// !$*UTF8*$!
{
	archiveVersion = 1;
	classes = {
	};
	objectVersion = 50;
	objects = {

/* Begin PBXBuildFile section */
		59E8D07085662408240223B5 /* Pods_SlackClone.framework in Frameworks */ = {isa = PBXBuildFile; fileRef = B957B1F1BFF479E8F42E5A7B /* Pods_SlackClone.framework */; };
		81189886222DCF3C00B9BCD4 /* Constants.swift in Sources */ = {isa = PBXBuildFile; fileRef = 81189885222DCF3C00B9BCD4 /* Constants.swift */; };
		81189888222DD42400B9BCD4 /* LoginVC.swift in Sources */ = {isa = PBXBuildFile; fileRef = 81189887222DD42400B9BCD4 /* LoginVC.swift */; };
		81279DC1222C6A1700F6580C /* AppDelegate.swift in Sources */ = {isa = PBXBuildFile; fileRef = 81279DC0222C6A1700F6580C /* AppDelegate.swift */; };
		81279DC6222C6A1700F6580C /* Main.storyboard in Resources */ = {isa = PBXBuildFile; fileRef = 81279DC4222C6A1700F6580C /* Main.storyboard */; };
		81279DC8222C6A1800F6580C /* Assets.xcassets in Resources */ = {isa = PBXBuildFile; fileRef = 81279DC7222C6A1800F6580C /* Assets.xcassets */; };
		81279DCB222C6A1800F6580C /* LaunchScreen.storyboard in Resources */ = {isa = PBXBuildFile; fileRef = 81279DC9222C6A1800F6580C /* LaunchScreen.storyboard */; };
		81279DD6222C6BB700F6580C /* SWRevealViewController.m in Sources */ = {isa = PBXBuildFile; fileRef = 81279DD4222C6BB700F6580C /* SWRevealViewController.m */; };
		81279DDB222C701300F6580C /* ChatVC.swift in Sources */ = {isa = PBXBuildFile; fileRef = 81279DDA222C701300F6580C /* ChatVC.swift */; };
		81279DDD222C702500F6580C /* ChannelVC.swift in Sources */ = {isa = PBXBuildFile; fileRef = 81279DDC222C702500F6580C /* ChannelVC.swift */; };
		81279DDF222C76D400F6580C /* gradientView.swift in Sources */ = {isa = PBXBuildFile; fileRef = 81279DDE222C76D400F6580C /* gradientView.swift */; };
		813C702F223AE24100A6ECBE /* avatarPickerVC.swift in Sources */ = {isa = PBXBuildFile; fileRef = 813C702E223AE24100A6ECBE /* avatarPickerVC.swift */; };
		813C7031223AE56C00A6ECBE /* AvatarCell.swift in Sources */ = {isa = PBXBuildFile; fileRef = 813C7030223AE56C00A6ECBE /* AvatarCell.swift */; };
		8151408B225E7749000FD5C8 /* CircleImage.swift in Sources */ = {isa = PBXBuildFile; fileRef = 8151408A225E7749000FD5C8 /* CircleImage.swift */; };
		81720C8F22397C9000C386D6 /* UserDataService.swift in Sources */ = {isa = PBXBuildFile; fileRef = 81720C8E22397C9000C386D6 /* UserDataService.swift */; };
		81819AA42232D28600A4964D /* authService.swift in Sources */ = {isa = PBXBuildFile; fileRef = 81819AA32232D28600A4964D /* authService.swift */; };
		819E1FD22235B70100C36A0C /* RoundedBtn.swift in Sources */ = {isa = PBXBuildFile; fileRef = 819E1FD12235B70100C36A0C /* RoundedBtn.swift */; };
		81ACD70B222F1AAF00839B66 /* registerVC.swift in Sources */ = {isa = PBXBuildFile; fileRef = 81ACD70A222F1AAF00839B66 /* registerVC.swift */; };
/* End PBXBuildFile section */

/* Begin PBXFileReference section */
		4CEF0A15F68022E4E45858A1 /* Pods-SlackClone.release.xcconfig */ = {isa = PBXFileReference; includeInIndex = 1; lastKnownFileType = text.xcconfig; name = "Pods-SlackClone.release.xcconfig"; path = "Pods/Target Support Files/Pods-SlackClone/Pods-SlackClone.release.xcconfig"; sourceTree = "<group>"; };
		756CA4946C7DD41B9811F086 /* Pods-SlackClone.debug.xcconfig */ = {isa = PBXFileReference; includeInIndex = 1; lastKnownFileType = text.xcconfig; name = "Pods-SlackClone.debug.xcconfig"; path = "Pods/Target Support Files/Pods-SlackClone/Pods-SlackClone.debug.xcconfig"; sourceTree = "<group>"; };
		81189885222DCF3C00B9BCD4 /* Constants.swift */ = {isa = PBXFileReference; lastKnownFileType = sourcecode.swift; path = Constants.swift; sourceTree = "<group>"; };
		81189887222DD42400B9BCD4 /* LoginVC.swift */ = {isa = PBXFileReference; lastKnownFileType = sourcecode.swift; path = LoginVC.swift; sourceTree = "<group>"; };
		81279DBD222C6A1700F6580C /* SlackClone.app */ = {isa = PBXFileReference; explicitFileType = wrapper.application; includeInIndex = 0; path = SlackClone.app; sourceTree = BUILT_PRODUCTS_DIR; };
		81279DC0222C6A1700F6580C /* AppDelegate.swift */ = {isa = PBXFileReference; lastKnownFileType = sourcecode.swift; path = AppDelegate.swift; sourceTree = "<group>"; };
		81279DC5222C6A1700F6580C /* Base */ = {isa = PBXFileReference; lastKnownFileType = file.storyboard; name = Base; path = Base.lproj/Main.storyboard; sourceTree = "<group>"; };
		81279DC7222C6A1800F6580C /* Assets.xcassets */ = {isa = PBXFileReference; lastKnownFileType = folder.assetcatalog; path = Assets.xcassets; sourceTree = "<group>"; };
		81279DCA222C6A1800F6580C /* Base */ = {isa = PBXFileReference; lastKnownFileType = file.storyboard; name = Base; path = Base.lproj/LaunchScreen.storyboard; sourceTree = "<group>"; };
		81279DCC222C6A1800F6580C /* Info.plist */ = {isa = PBXFileReference; lastKnownFileType = text.plist.xml; path = Info.plist; sourceTree = "<group>"; };
		81279DD3222C6BB600F6580C /* SlackClone-Bridging-Header.h */ = {isa = PBXFileReference; lastKnownFileType = sourcecode.c.h; path = "SlackClone-Bridging-Header.h"; sourceTree = "<group>"; };
		81279DD4222C6BB700F6580C /* SWRevealViewController.m */ = {isa = PBXFileReference; fileEncoding = 4; lastKnownFileType = sourcecode.c.objc; path = SWRevealViewController.m; sourceTree = "<group>"; };
		81279DD5222C6BB700F6580C /* SWRevealViewController.h */ = {isa = PBXFileReference; fileEncoding = 4; lastKnownFileType = sourcecode.c.h; path = SWRevealViewController.h; sourceTree = "<group>"; };
		81279DDA222C701300F6580C /* ChatVC.swift */ = {isa = PBXFileReference; lastKnownFileType = sourcecode.swift; path = ChatVC.swift; sourceTree = "<group>"; };
		81279DDC222C702500F6580C /* ChannelVC.swift */ = {isa = PBXFileReference; lastKnownFileType = sourcecode.swift; path = ChannelVC.swift; sourceTree = "<group>"; };
		81279DDE222C76D400F6580C /* gradientView.swift */ = {isa = PBXFileReference; lastKnownFileType = sourcecode.swift; path = gradientView.swift; sourceTree = "<group>"; };
		813C702E223AE24100A6ECBE /* avatarPickerVC.swift */ = {isa = PBXFileReference; lastKnownFileType = sourcecode.swift; path = avatarPickerVC.swift; sourceTree = "<group>"; };
		813C7030223AE56C00A6ECBE /* AvatarCell.swift */ = {isa = PBXFileReference; lastKnownFileType = sourcecode.swift; path = AvatarCell.swift; sourceTree = "<group>"; };
		8151408A225E7749000FD5C8 /* CircleImage.swift */ = {isa = PBXFileReference; lastKnownFileType = sourcecode.swift; path = CircleImage.swift; sourceTree = "<group>"; };
		81720C8E22397C9000C386D6 /* UserDataService.swift */ = {isa = PBXFileReference; lastKnownFileType = sourcecode.swift; path = UserDataService.swift; sourceTree = "<group>"; };
		81819AA32232D28600A4964D /* authService.swift */ = {isa = PBXFileReference; lastKnownFileType = sourcecode.swift; path = authService.swift; sourceTree = "<group>"; };
		819E1FD12235B70100C36A0C /* RoundedBtn.swift */ = {isa = PBXFileReference; lastKnownFileType = sourcecode.swift; path = RoundedBtn.swift; sourceTree = "<group>"; };
		81ACD70A222F1AAF00839B66 /* registerVC.swift */ = {isa = PBXFileReference; lastKnownFileType = sourcecode.swift; path = registerVC.swift; sourceTree = "<group>"; };
		B957B1F1BFF479E8F42E5A7B /* Pods_SlackClone.framework */ = {isa = PBXFileReference; explicitFileType = wrapper.framework; includeInIndex = 0; path = Pods_SlackClone.framework; sourceTree = BUILT_PRODUCTS_DIR; };
/* End PBXFileReference section */

/* Begin PBXFrameworksBuildPhase section */
		81279DBA222C6A1700F6580C /* Frameworks */ = {
			isa = PBXFrameworksBuildPhase;
			buildActionMask = 2147483647;
			files = (
				59E8D07085662408240223B5 /* Pods_SlackClone.framework in Frameworks */,
			);
			runOnlyForDeploymentPostprocessing = 0;
		};
/* End PBXFrameworksBuildPhase section */

/* Begin PBXGroup section */
		37B764522A599F0D64E3F87F /* Pods */ = {
			isa = PBXGroup;
			children = (
				756CA4946C7DD41B9811F086 /* Pods-SlackClone.debug.xcconfig */,
				4CEF0A15F68022E4E45858A1 /* Pods-SlackClone.release.xcconfig */,
			);
			name = Pods;
			sourceTree = "<group>";
		};
		81189884222DCF1D00B9BCD4 /* Utilities */ = {
			isa = PBXGroup;
			children = (
				81189885222DCF3C00B9BCD4 /* Constants.swift */,
			);
			path = Utilities;
			sourceTree = "<group>";
		};
		81279DB4222C6A1700F6580C = {
			isa = PBXGroup;
			children = (
				81279DD2222C6B9C00F6580C /* Supporting Files */,
				81279DBF222C6A1700F6580C /* SlackClone */,
				81279DBE222C6A1700F6580C /* Products */,
				37B764522A599F0D64E3F87F /* Pods */,
				87F925568B52E77C948D063E /* Frameworks */,
			);
			sourceTree = "<group>";
		};
		81279DBE222C6A1700F6580C /* Products */ = {
			isa = PBXGroup;
			children = (
				81279DBD222C6A1700F6580C /* SlackClone.app */,
			);
			name = Products;
			sourceTree = "<group>";
		};
		81279DBF222C6A1700F6580C /* SlackClone */ = {
			isa = PBXGroup;
			children = (
				81819AA22232D26D00A4964D /* Services */,
				81189884222DCF1D00B9BCD4 /* Utilities */,
				81279DD7222C6FE000F6580C /* Model */,
				81279DD9222C6FF500F6580C /* View */,
				81279DD8222C6FED00F6580C /* Controller */,
				81279DC0222C6A1700F6580C /* AppDelegate.swift */,
				81279DC4222C6A1700F6580C /* Main.storyboard */,
				81279DC7222C6A1800F6580C /* Assets.xcassets */,
				81279DC9222C6A1800F6580C /* LaunchScreen.storyboard */,
				81279DCC222C6A1800F6580C /* Info.plist */,
			);
			path = SlackClone;
			sourceTree = "<group>";
		};
		81279DD2222C6B9C00F6580C /* Supporting Files */ = {
			isa = PBXGroup;
			children = (
				81279DD5222C6BB700F6580C /* SWRevealViewController.h */,
				81279DD4222C6BB700F6580C /* SWRevealViewController.m */,
				81279DD3222C6BB600F6580C /* SlackClone-Bridging-Header.h */,
			);
			path = "Supporting Files";
			sourceTree = "<group>";
		};
		81279DD7222C6FE000F6580C /* Model */ = {
			isa = PBXGroup;
			children = (
			);
			path = Model;
			sourceTree = "<group>";
		};
		81279DD8222C6FED00F6580C /* Controller */ = {
			isa = PBXGroup;
			children = (
				81279DDA222C701300F6580C /* ChatVC.swift */,
				81279DDC222C702500F6580C /* ChannelVC.swift */,
				81189887222DD42400B9BCD4 /* LoginVC.swift */,
				81ACD70A222F1AAF00839B66 /* registerVC.swift */,
				813C702E223AE24100A6ECBE /* avatarPickerVC.swift */,
			);
			path = Controller;
			sourceTree = "<group>";
		};
		81279DD9222C6FF500F6580C /* View */ = {
			isa = PBXGroup;
			children = (
				81279DDE222C76D400F6580C /* gradientView.swift */,
				819E1FD12235B70100C36A0C /* RoundedBtn.swift */,
				813C7030223AE56C00A6ECBE /* AvatarCell.swift */,
				8151408A225E7749000FD5C8 /* CircleImage.swift */,
			);
			path = View;
			sourceTree = "<group>";
		};
		81819AA22232D26D00A4964D /* Services */ = {
			isa = PBXGroup;
			children = (
				81819AA32232D28600A4964D /* authService.swift */,
				81720C8E22397C9000C386D6 /* UserDataService.swift */,
			);
			path = Services;
			sourceTree = "<group>";
		};
		87F925568B52E77C948D063E /* Frameworks */ = {
			isa = PBXGroup;
			children = (
				B957B1F1BFF479E8F42E5A7B /* Pods_SlackClone.framework */,
			);
			name = Frameworks;
			sourceTree = "<group>";
		};
/* End PBXGroup section */

/* Begin PBXNativeTarget section */
		81279DBC222C6A1700F6580C /* SlackClone */ = {
			isa = PBXNativeTarget;
			buildConfigurationList = 81279DCF222C6A1800F6580C /* Build configuration list for PBXNativeTarget "SlackClone" */;
			buildPhases = (
				37A9B1B669707AA268100668 /* [CP] Check Pods Manifest.lock */,
				81279DB9222C6A1700F6580C /* Sources */,
				81279DBA222C6A1700F6580C /* Frameworks */,
				81279DBB222C6A1700F6580C /* Resources */,
				21FFBF518E1E55A2A34C8C24 /* [CP] Embed Pods Frameworks */,
			);
			buildRules = (
			);
			dependencies = (
			);
			name = SlackClone;
			productName = SlackClone;
			productReference = 81279DBD222C6A1700F6580C /* SlackClone.app */;
			productType = "com.apple.product-type.application";
		};
/* End PBXNativeTarget section */

/* Begin PBXProject section */
		81279DB5222C6A1700F6580C /* Project object */ = {
			isa = PBXProject;
			attributes = {
				LastSwiftUpdateCheck = 1010;
				LastUpgradeCheck = 1010;
				ORGANIZATIONNAME = "Lukas Holmberg";
				TargetAttributes = {
					81279DBC222C6A1700F6580C = {
						CreatedOnToolsVersion = 10.1;
						LastSwiftMigration = 1010;
					};
				};
			};
			buildConfigurationList = 81279DB8222C6A1700F6580C /* Build configuration list for PBXProject "SlackClone" */;
			compatibilityVersion = "Xcode 9.3";
			developmentRegion = en;
			hasScannedForEncodings = 0;
			knownRegions = (
				en,
				Base,
			);
			mainGroup = 81279DB4222C6A1700F6580C;
			productRefGroup = 81279DBE222C6A1700F6580C /* Products */;
			projectDirPath = "";
			projectRoot = "";
			targets = (
				81279DBC222C6A1700F6580C /* SlackClone */,
			);
		};
/* End PBXProject section */

/* Begin PBXResourcesBuildPhase section */
		81279DBB222C6A1700F6580C /* Resources */ = {
			isa = PBXResourcesBuildPhase;
			buildActionMask = 2147483647;
			files = (
				81279DCB222C6A1800F6580C /* LaunchScreen.storyboard in Resources */,
				81279DC8222C6A1800F6580C /* Assets.xcassets in Resources */,
				81279DC6222C6A1700F6580C /* Main.storyboard in Resources */,
			);
			runOnlyForDeploymentPostprocessing = 0;
		};
/* End PBXResourcesBuildPhase section */

/* Begin PBXShellScriptBuildPhase section */
		21FFBF518E1E55A2A34C8C24 /* [CP] Embed Pods Frameworks */ = {
			isa = PBXShellScriptBuildPhase;
			buildActionMask = 2147483647;
			files = (
			);
			inputPaths = (
				"${SRCROOT}/Pods/Target Support Files/Pods-SlackClone/Pods-SlackClone-frameworks.sh",
				"${BUILT_PRODUCTS_DIR}/Alamofire/Alamofire.framework",
				"${BUILT_PRODUCTS_DIR}/Socket.IO-Client-Swift/SocketIO.framework",
				"${BUILT_PRODUCTS_DIR}/Starscream/Starscream.framework",
				"${BUILT_PRODUCTS_DIR}/SwiftyJSON/SwiftyJSON.framework",
			);
			name = "[CP] Embed Pods Frameworks";
			outputPaths = (
				"${TARGET_BUILD_DIR}/${FRAMEWORKS_FOLDER_PATH}/Alamofire.framework",
				"${TARGET_BUILD_DIR}/${FRAMEWORKS_FOLDER_PATH}/SocketIO.framework",
				"${TARGET_BUILD_DIR}/${FRAMEWORKS_FOLDER_PATH}/Starscream.framework",
				"${TARGET_BUILD_DIR}/${FRAMEWORKS_FOLDER_PATH}/SwiftyJSON.framework",
			);
			runOnlyForDeploymentPostprocessing = 0;
			shellPath = /bin/sh;
			shellScript = "\"${SRCROOT}/Pods/Target Support Files/Pods-SlackClone/Pods-SlackClone-frameworks.sh\"\n";
			showEnvVarsInLog = 0;
		};
		37A9B1B669707AA268100668 /* [CP] Check Pods Manifest.lock */ = {
			isa = PBXShellScriptBuildPhase;
			buildActionMask = 2147483647;
			files = (
			);
			inputPaths = (
				"${PODS_PODFILE_DIR_PATH}/Podfile.lock",
				"${PODS_ROOT}/Manifest.lock",
			);
			name = "[CP] Check Pods Manifest.lock";
			outputPaths = (
				"$(DERIVED_FILE_DIR)/Pods-SlackClone-checkManifestLockResult.txt",
			);
			runOnlyForDeploymentPostprocessing = 0;
			shellPath = /bin/sh;
			shellScript = "diff \"${PODS_PODFILE_DIR_PATH}/Podfile.lock\" \"${PODS_ROOT}/Manifest.lock\" > /dev/null\nif [ $? != 0 ] ; then\n    # print error to STDERR\n    echo \"error: The sandbox is not in sync with the Podfile.lock. Run 'pod install' or update your CocoaPods installation.\" >&2\n    exit 1\nfi\n# This output is used by Xcode 'outputs' to avoid re-running this script phase.\necho \"SUCCESS\" > \"${SCRIPT_OUTPUT_FILE_0}\"\n";
			showEnvVarsInLog = 0;
		};
/* End PBXShellScriptBuildPhase section */

/* Begin PBXSourcesBuildPhase section */
		81279DB9222C6A1700F6580C /* Sources */ = {
			isa = PBXSourcesBuildPhase;
			buildActionMask = 2147483647;
			files = (
				81279DDD222C702500F6580C /* ChannelVC.swift in Sources */,
				813C702F223AE24100A6ECBE /* avatarPickerVC.swift in Sources */,
				81819AA42232D28600A4964D /* authService.swift in Sources */,
				8151408B225E7749000FD5C8 /* CircleImage.swift in Sources */,
				819E1FD22235B70100C36A0C /* RoundedBtn.swift in Sources */,
				81720C8F22397C9000C386D6 /* UserDataService.swift in Sources */,
				81ACD70B222F1AAF00839B66 /* registerVC.swift in Sources */,
				81189886222DCF3C00B9BCD4 /* Constants.swift in Sources */,
				81189888222DD42400B9BCD4 /* LoginVC.swift in Sources */,
				81279DDB222C701300F6580C /* ChatVC.swift in Sources */,
				813C7031223AE56C00A6ECBE /* AvatarCell.swift in Sources */,
				81279DDF222C76D400F6580C /* gradientView.swift in Sources */,
				81279DC1222C6A1700F6580C /* AppDelegate.swift in Sources */,
				81279DD6222C6BB700F6580C /* SWRevealViewController.m in Sources */,
			);
			runOnlyForDeploymentPostprocessing = 0;
		};
/* End PBXSourcesBuildPhase section */

/* Begin PBXVariantGroup section */
		81279DC4222C6A1700F6580C /* Main.storyboard */ = {
			isa = PBXVariantGroup;
			children = (
				81279DC5222C6A1700F6580C /* Base */,
			);
			name = Main.storyboard;
			sourceTree = "<group>";
		};
		81279DC9222C6A1800F6580C /* LaunchScreen.storyboard */ = {
			isa = PBXVariantGroup;
			children = (
				81279DCA222C6A1800F6580C /* Base */,
			);
			name = LaunchScreen.storyboard;
			sourceTree = "<group>";
		};
/* End PBXVariantGroup section */

/* Begin XCBuildConfiguration section */
		81279DCD222C6A1800F6580C /* Debug */ = {
			isa = XCBuildConfiguration;
			buildSettings = {
				ALWAYS_SEARCH_USER_PATHS = NO;
				CLANG_ANALYZER_NONNULL = YES;
				CLANG_ANALYZER_NUMBER_OBJECT_CONVERSION = YES_AGGRESSIVE;
				CLANG_CXX_LANGUAGE_STANDARD = "gnu++14";
				CLANG_CXX_LIBRARY = "libc++";
				CLANG_ENABLE_MODULES = YES;
				CLANG_ENABLE_OBJC_ARC = YES;
				CLANG_ENABLE_OBJC_WEAK = YES;
				CLANG_WARN_BLOCK_CAPTURE_AUTORELEASING = YES;
				CLANG_WARN_BOOL_CONVERSION = YES;
				CLANG_WARN_COMMA = YES;
				CLANG_WARN_CONSTANT_CONVERSION = YES;
				CLANG_WARN_DEPRECATED_OBJC_IMPLEMENTATIONS = YES;
				CLANG_WARN_DIRECT_OBJC_ISA_USAGE = YES_ERROR;
				CLANG_WARN_DOCUMENTATION_COMMENTS = YES;
				CLANG_WARN_EMPTY_BODY = YES;
				CLANG_WARN_ENUM_CONVERSION = YES;
				CLANG_WARN_INFINITE_RECURSION = YES;
				CLANG_WARN_INT_CONVERSION = YES;
				CLANG_WARN_NON_LITERAL_NULL_CONVERSION = YES;
				CLANG_WARN_OBJC_IMPLICIT_RETAIN_SELF = YES;
				CLANG_WARN_OBJC_LITERAL_CONVERSION = YES;
				CLANG_WARN_OBJC_ROOT_CLASS = YES_ERROR;
				CLANG_WARN_RANGE_LOOP_ANALYSIS = YES;
				CLANG_WARN_STRICT_PROTOTYPES = YES;
				CLANG_WARN_SUSPICIOUS_MOVE = YES;
				CLANG_WARN_UNGUARDED_AVAILABILITY = YES_AGGRESSIVE;
				CLANG_WARN_UNREACHABLE_CODE = YES;
				CLANG_WARN__DUPLICATE_METHOD_MATCH = YES;
				CODE_SIGN_IDENTITY = "iPhone Developer";
				COPY_PHASE_STRIP = NO;
				DEBUG_INFORMATION_FORMAT = dwarf;
				ENABLE_STRICT_OBJC_MSGSEND = YES;
				ENABLE_TESTABILITY = YES;
				GCC_C_LANGUAGE_STANDARD = gnu11;
				GCC_DYNAMIC_NO_PIC = NO;
				GCC_NO_COMMON_BLOCKS = YES;
				GCC_OPTIMIZATION_LEVEL = 0;
				GCC_PREPROCESSOR_DEFINITIONS = (
					"DEBUG=1",
					"$(inherited)",
				);
				GCC_WARN_64_TO_32_BIT_CONVERSION = YES;
				GCC_WARN_ABOUT_RETURN_TYPE = YES_ERROR;
				GCC_WARN_UNDECLARED_SELECTOR = YES;
				GCC_WARN_UNINITIALIZED_AUTOS = YES_AGGRESSIVE;
				GCC_WARN_UNUSED_FUNCTION = YES;
				GCC_WARN_UNUSED_VARIABLE = YES;
				IPHONEOS_DEPLOYMENT_TARGET = 12.1;
				MTL_ENABLE_DEBUG_INFO = INCLUDE_SOURCE;
				MTL_FAST_MATH = YES;
				ONLY_ACTIVE_ARCH = YES;
				SDKROOT = iphoneos;
				SWIFT_ACTIVE_COMPILATION_CONDITIONS = DEBUG;
				SWIFT_OPTIMIZATION_LEVEL = "-Onone";
			};
			name = Debug;
		};
		81279DCE222C6A1800F6580C /* Release */ = {
			isa = XCBuildConfiguration;
			buildSettings = {
				ALWAYS_SEARCH_USER_PATHS = NO;
				CLANG_ANALYZER_NONNULL = YES;
				CLANG_ANALYZER_NUMBER_OBJECT_CONVERSION = YES_AGGRESSIVE;
				CLANG_CXX_LANGUAGE_STANDARD = "gnu++14";
				CLANG_CXX_LIBRARY = "libc++";
				CLANG_ENABLE_MODULES = YES;
				CLANG_ENABLE_OBJC_ARC = YES;
				CLANG_ENABLE_OBJC_WEAK = YES;
				CLANG_WARN_BLOCK_CAPTURE_AUTORELEASING = YES;
				CLANG_WARN_BOOL_CONVERSION = YES;
				CLANG_WARN_COMMA = YES;
				CLANG_WARN_CONSTANT_CONVERSION = YES;
				CLANG_WARN_DEPRECATED_OBJC_IMPLEMENTATIONS = YES;
				CLANG_WARN_DIRECT_OBJC_ISA_USAGE = YES_ERROR;
				CLANG_WARN_DOCUMENTATION_COMMENTS = YES;
				CLANG_WARN_EMPTY_BODY = YES;
				CLANG_WARN_ENUM_CONVERSION = YES;
				CLANG_WARN_INFINITE_RECURSION = YES;
				CLANG_WARN_INT_CONVERSION = YES;
				CLANG_WARN_NON_LITERAL_NULL_CONVERSION = YES;
				CLANG_WARN_OBJC_IMPLICIT_RETAIN_SELF = YES;
				CLANG_WARN_OBJC_LITERAL_CONVERSION = YES;
				CLANG_WARN_OBJC_ROOT_CLASS = YES_ERROR;
				CLANG_WARN_RANGE_LOOP_ANALYSIS = YES;
				CLANG_WARN_STRICT_PROTOTYPES = YES;
				CLANG_WARN_SUSPICIOUS_MOVE = YES;
				CLANG_WARN_UNGUARDED_AVAILABILITY = YES_AGGRESSIVE;
				CLANG_WARN_UNREACHABLE_CODE = YES;
				CLANG_WARN__DUPLICATE_METHOD_MATCH = YES;
				CODE_SIGN_IDENTITY = "iPhone Developer";
				COPY_PHASE_STRIP = NO;
				DEBUG_INFORMATION_FORMAT = "dwarf-with-dsym";
				ENABLE_NS_ASSERTIONS = NO;
				ENABLE_STRICT_OBJC_MSGSEND = YES;
				GCC_C_LANGUAGE_STANDARD = gnu11;
				GCC_NO_COMMON_BLOCKS = YES;
				GCC_WARN_64_TO_32_BIT_CONVERSION = YES;
				GCC_WARN_ABOUT_RETURN_TYPE = YES_ERROR;
				GCC_WARN_UNDECLARED_SELECTOR = YES;
				GCC_WARN_UNINITIALIZED_AUTOS = YES_AGGRESSIVE;
				GCC_WARN_UNUSED_FUNCTION = YES;
				GCC_WARN_UNUSED_VARIABLE = YES;
				IPHONEOS_DEPLOYMENT_TARGET = 12.1;
				MTL_ENABLE_DEBUG_INFO = NO;
				MTL_FAST_MATH = YES;
				SDKROOT = iphoneos;
				SWIFT_COMPILATION_MODE = wholemodule;
				SWIFT_OPTIMIZATION_LEVEL = "-O";
				VALIDATE_PRODUCT = YES;
			};
			name = Release;
		};
		81279DD0222C6A1800F6580C /* Debug */ = {
			isa = XCBuildConfiguration;
			baseConfigurationReference = 756CA4946C7DD41B9811F086 /* Pods-SlackClone.debug.xcconfig */;
			buildSettings = {
				ASSETCATALOG_COMPILER_APPICON_NAME = AppIcon;
				CLANG_ENABLE_MODULES = YES;
				CODE_SIGN_STYLE = Automatic;
				INFOPLIST_FILE = SlackClone/Info.plist;
				LD_RUNPATH_SEARCH_PATHS = (
					"$(inherited)",
					"@executable_path/Frameworks",
				);
				PRODUCT_BUNDLE_IDENTIFIER = se.lukasholmberg.SlackClone;
				PRODUCT_NAME = "$(TARGET_NAME)";
				SWIFT_OBJC_BRIDGING_HEADER = "Supporting Files/SlackClone-Bridging-Header.h";
				SWIFT_OPTIMIZATION_LEVEL = "-Onone";
				SWIFT_VERSION = 4.2;
				TARGETED_DEVICE_FAMILY = "1,2";
			};
			name = Debug;
		};
		81279DD1222C6A1800F6580C /* Release */ = {
			isa = XCBuildConfiguration;
			baseConfigurationReference = 4CEF0A15F68022E4E45858A1 /* Pods-SlackClone.release.xcconfig */;
			buildSettings = {
				ASSETCATALOG_COMPILER_APPICON_NAME = AppIcon;
				CLANG_ENABLE_MODULES = YES;
				CODE_SIGN_STYLE = Automatic;
				INFOPLIST_FILE = SlackClone/Info.plist;
				LD_RUNPATH_SEARCH_PATHS = (
					"$(inherited)",
					"@executable_path/Frameworks",
				);
				PRODUCT_BUNDLE_IDENTIFIER = se.lukasholmberg.SlackClone;
				PRODUCT_NAME = "$(TARGET_NAME)";
				SWIFT_OBJC_BRIDGING_HEADER = "Supporting Files/SlackClone-Bridging-Header.h";
				SWIFT_VERSION = 4.2;
				TARGETED_DEVICE_FAMILY = "1,2";
			};
			name = Release;
		};
/* End XCBuildConfiguration section */

/* Begin XCConfigurationList section */
		81279DB8222C6A1700F6580C /* Build configuration list for PBXProject "SlackClone" */ = {
			isa = XCConfigurationList;
			buildConfigurations = (
				81279DCD222C6A1800F6580C /* Debug */,
				81279DCE222C6A1800F6580C /* Release */,
			);
			defaultConfigurationIsVisible = 0;
			defaultConfigurationName = Release;
		};
		81279DCF222C6A1800F6580C /* Build configuration list for PBXNativeTarget "SlackClone" */ = {
			isa = XCConfigurationList;
			buildConfigurations = (
				81279DD0222C6A1800F6580C /* Debug */,
				81279DD1222C6A1800F6580C /* Release */,
			);
			defaultConfigurationIsVisible = 0;
			defaultConfigurationName = Release;
		};
/* End XCConfigurationList section */
	};
	rootObject = 81279DB5222C6A1700F6580C /* Project object */;
}
